
Microsoft Visual Studio Solution File, Format Version 12.00
# Visual Studio Version 17
VisualStudioVersion = 17.5.33516.290
MinimumVisualStudioVersion = 10.0.40219.1
Project("{FAE04EC0-301F-11D3-BF4B-00C04F79EFBC}") = "DotNetEspBot", "DotNetEspBot.csproj", "{FA1CCBE6-1EBC-486B-BB83-7EC91F8C2BDE}"
EndProject
Global
	GlobalSection(SolutionConfigurationPlatforms) = preSolution
		Debug|Any CPU = Debug|Any CPU
		Release|Any CPU = Release|Any CPU
	EndGlobalSection
	GlobalSection(ProjectConfigurationPlatforms) = postSolution
		{FA1CCBE6-1EBC-486B-BB83-7EC91F8C2BDE}.Debug|Any CPU.ActiveCfg = Debug|Any CPU
		{FA1CCBE6-1EBC-486B-BB83-7EC91F8C2BDE}.Debug|Any CPU.Build.0 = Debug|Any CPU
		{FA1CCBE6-1EBC-486B-BB83-7EC91F8C2BDE}.Release|Any CPU.ActiveCfg = Release|Any CPU
		{FA1CCBE6-1EBC-486B-BB83-7EC91F8C2BDE}.Release|Any CPU.Build.0 = Release|Any CPU
	EndGlobalSection
	GlobalSection(SolutionProperties) = preSolution
		HideSolutionNode = FALSE
	EndGlobalSection
	GlobalSection(ExtensibilityGlobals) = postSolution
		SolutionGuid = {E77C8775-673F-4075-BD9E-16E206A52BD5}
	EndGlobalSection
EndGlobal
